<?xml version="1.0" encoding="utf-8"?>
<Project ToolsVersion="4.0" xmlns="http://schemas.microsoft.com/developer/msbuild/2003">
  <ItemGroup>
    <ClCompile Include="ColliderBehaviour.cpp">
      <Filter>Source Files\Behaviours</Filter>
    </ClCompile>
    <ClCompile Include="DebugDrawer.cpp">
      <Filter>Source Files\Tools</Filter>
    </ClCompile>
    <ClCompile Include="SimpleMeshD3D11.cpp">
      <Filter>Source Files\Data</Filter>
    </ClCompile>
    <ClCompile Include="GameMath.cpp">
      <Filter>Source Files\Tools</Filter>
    </ClCompile>
    <ClCompile Include="SimpleSpotLightBehaviour.cpp">
      <Filter>Source Files\Behaviours\Light</Filter>
    </ClCompile>
    <ClCompile Include="SimplePointLightBehaviour.cpp">
      <Filter>Source Files\Behaviours\Light</Filter>
    </ClCompile>
    <ClCompile Include="SpotLightBehaviour.cpp">
      <Filter>Source Files\Behaviours\Light</Filter>
    </ClCompile>
    <ClCompile Include="PointLightBehaviour.cpp">
      <Filter>Source Files\Behaviours\Light</Filter>
    </ClCompile>
    <ClCompile Include="DebugPlayerBehaviour.cpp">
      <Filter>Source Files\Behaviours\Dev</Filter>
    </ClCompile>
    <ClCompile Include="ExampleBehaviour.cpp">
      <Filter>Source Files\Behaviours\Dev</Filter>
    </ClCompile>
    <ClCompile Include="ExampleCollisionBehaviour.cpp">
      <Filter>Source Files\Behaviours\Dev</Filter>
    </ClCompile>
    <ClCompile Include="TransformGizmoBehaviour.cpp">
      <Filter>Source Files\Behaviours\Dev</Filter>
    </ClCompile>
    <ClCompile Include="UIButtonExampleBehaviour.cpp">
      <Filter>Source Files\Behaviours\Dev</Filter>
    </ClCompile>
    <ClCompile Include="stdafx.cpp">
      <Filter>Source Files\System</Filter>
    </ClCompile>
    <ClCompile Include="PlayerMovementBehaviour.cpp">
      <Filter>Source Files\Behaviours</Filter>
    </ClCompile>
    <ClCompile Include="SolidObjectBehaviour.cpp">
      <Filter>Source Files\Behaviours</Filter>
    </ClCompile>
    <ClCompile Include="HideBehaviour.cpp">
      <Filter>Source Files\Behaviours</Filter>
    </ClCompile>
    <ClCompile Include="InteractableBehaviour.cpp">
      <Filter>Source Files\Behaviours</Filter>
    </ClCompile>
    <ClCompile Include="InteractorBehaviour.cpp">
      <Filter>Source Files\Behaviours</Filter>
    </ClCompile>
    <ClCompile Include="PickupBehaviour.cpp">
      <Filter>Source Files\Behaviours</Filter>
    </ClCompile>
    <ClCompile Include="Scene.cpp">
      <Filter>Source Files\World</Filter>
    </ClCompile>
    <ClCompile Include="TimelineManager.cpp">
      <Filter>Source Files\System</Filter>
    </ClCompile>
    <ClCompile Include="TimelineSequence.cpp">
      <Filter>Source Files\System</Filter>
    </ClCompile>
    <ClCompile Include="TimelineWaypoint.cpp">
      <Filter>Source Files\System</Filter>
    </ClCompile>
    <ClCompile Include="MonsterBehaviour.cpp">
      <Filter>Source Files\Behaviours</Filter>
    </ClCompile>
    <ClCompile Include="CameraItemBehaviour.cpp">
      <Filter>Source Files\Behaviours\Items</Filter>
    </ClCompile>
    <ClCompile Include="FlashlightBehaviour.cpp">
      <Filter>Source Files\Behaviours\Items</Filter>
    </ClCompile>
    <ClCompile Include="InputBindings.cpp">
      <Filter>Source Files\Data</Filter>
    </ClCompile>
    <ClCompile Include="HeightMap.cpp">
      <Filter>Source Files\Data</Filter>
    </ClCompile>
    <ClCompile Include="ButtonBehaviours.cpp">
      <Filter>Source Files\Behaviours\Dev</Filter>
    </ClCompile>
    <ClCompile Include="MenuCameraBehaviour.cpp">
      <Filter>Source Files\Behaviours</Filter>
    </ClCompile>
    <ClCompile Include="GraphNodeBehaviour.cpp">
      <Filter>Source Files\Behaviours</Filter>
    </ClCompile>
    <ClCompile Include="GraphManager.cpp">
      <Filter>Source Files\System</Filter>
    </ClCompile>
    <ClCompile Include="PlayerViewBehaviour.cpp">
      <Filter>Source Files\Behaviours</Filter>
    </ClCompile>
    <ClCompile Include="BillboardMeshBehaviour.cpp">
      <Filter>Source Files\Behaviours</Filter>
    </ClCompile>
    <ClCompile Include="BreadcrumbBehaviour.cpp">
      <Filter>Source Files\Behaviours\Items</Filter>
    </ClCompile>
    <ClCompile Include="PictureBehaviour.cpp">
      <Filter>Source Files\Behaviours</Filter>
    </ClCompile>
    <ClCompile Include="CollisionHandler.cpp">
      <Filter>Source Files\System</Filter>
    </ClCompile>
    <ClCompile Include="Intersections.cpp">
      <Filter>Source Files\Tools</Filter>
    </ClCompile>
    <ClCompile Include="Colliders.cpp">
      <Filter>Source Files\World</Filter>
    </ClCompile>
    <ClCompile Include="BreadcrumbPileBehaviour.cpp">
      <Filter>Source Files\Behaviours\Items</Filter>
    </ClCompile>
    <ClCompile Include="AmbientSoundBehaviour.cpp">
      <Filter>Source Files\Behaviours</Filter>
    </ClCompile>
    <ClCompile Include="InventoryBehaviour.cpp">
      <Filter>Source Files\Behaviours</Filter>
    </ClCompile>
    <ClCompile Include="MonsterCapture.cpp">
      <Filter>Source Files\Behaviours\MonsterStates</Filter>
    </ClCompile>
    <ClCompile Include="MonsterExtendedHunt.cpp">
      <Filter>Source Files\Behaviours\MonsterStates</Filter>
    </ClCompile>
    <ClCompile Include="MonsterHunt.cpp">
      <Filter>Source Files\Behaviours\MonsterStates</Filter>
    </ClCompile>
    <ClCompile Include="MonsterHuntDone.cpp">
      <Filter>Source Files\Behaviours\MonsterStates</Filter>
    </ClCompile>
    <ClCompile Include="MonsterIdle.cpp">
      <Filter>Source Files\Behaviours\MonsterStates</Filter>
    </ClCompile>
    <ClCompile Include="MonsterState.cpp">
      <Filter>Source Files\Behaviours\MonsterStates</Filter>
    </ClCompile>
    <ClCompile Include="RestrictedViewBehaviour.cpp">
      <Filter>Source Files\Behaviours</Filter>
    </ClCompile>
    <ClCompile Include="MonsterHintBehaviour.cpp">
      <Filter>Source Files\Behaviours</Filter>
    </ClCompile>
    <ClCompile Include="EndCutSceneBehaviour.cpp">
      <Filter>Source Files\Behaviours</Filter>
    </ClCompile>
    <ClCompile Include="PlayerCutsceneBehaviour.cpp">
      <Filter>Source Files\Behaviours</Filter>
    </ClCompile>
    <ClCompile Include="CompassBehaviour.cpp">
      <Filter>Source Files\Behaviours\Items</Filter>
    </ClCompile>
    <ClCompile Include="EasingFunctions.cpp">
      <Filter>Source Files\Tools</Filter>
    </ClCompile>
    <ClCompile Include="CreditsBehaviour.cpp">
      <Filter>Source Files\Behaviours</Filter>
    </ClCompile>
    <ClCompile Include="Window.cpp">
      <Filter>Source Files\System\Window</Filter>
    </ClCompile>
    <ClCompile Include="WindowSDL3.cpp">
      <Filter>Source Files\System\Window</Filter>
    </ClCompile>
  </ItemGroup>
  <ItemGroup>
    <ClInclude Include="ColliderBehaviour.h">
      <Filter>Header Files\Behaviours</Filter>
    </ClInclude>
    <ClInclude Include="DebugDrawer.h">
      <Filter>Header Files\Tools</Filter>
    </ClInclude>
    <ClInclude Include="SimpleMeshD3D11.h">
      <Filter>Header Files\Data</Filter>
    </ClInclude>
    <ClInclude Include="EngineSettings.h">
      <Filter>Header Files\System</Filter>
    </ClInclude>
    <ClInclude Include="DebugPlayerBehaviour.h">
      <Filter>Header Files\Behaviours\Dev</Filter>
    </ClInclude>
    <ClInclude Include="ExampleBehaviour.h">
      <Filter>Header Files\Behaviours\Dev</Filter>
    </ClInclude>
    <ClInclude Include="ExampleCollisionBehaviour.h">
      <Filter>Header Files\Behaviours\Dev</Filter>
    </ClInclude>
    <ClInclude Include="TransformGizmoBehaviour.h">
      <Filter>Header Files\Behaviours\Dev</Filter>
    </ClInclude>
    <ClInclude Include="UIButtonExampleBehaviour.h">
      <Filter>Header Files\Behaviours\Dev</Filter>
    </ClInclude>
    <ClInclude Include="SpotLightBehaviour.h">
      <Filter>Header Files\Behaviours\Light</Filter>
    </ClInclude>
    <ClInclude Include="SimpleSpotLightBehaviour.h">
      <Filter>Header Files\Behaviours\Light</Filter>
    </ClInclude>
    <ClInclude Include="SimplePointLightBehaviour.h">
      <Filter>Header Files\Behaviours\Light</Filter>
    </ClInclude>
    <ClInclude Include="PointLightBehaviour.h">
      <Filter>Header Files\Behaviours\Light</Filter>
    </ClInclude>
    <ClInclude Include="stdafx.h">
      <Filter>Header Files\System</Filter>
    </ClInclude>
    <ClInclude Include="PlayerMovementBehaviour.h">
      <Filter>Header Files\Behaviours</Filter>
    </ClInclude>
    <ClInclude Include="SolidObjectBehaviour.h">
      <Filter>Header Files\Behaviours</Filter>
    </ClInclude>
    <ClInclude Include="HideBehaviour.h">
      <Filter>Header Files\Behaviours</Filter>
    </ClInclude>
    <ClInclude Include="InteractableBehaviour.h">
      <Filter>Header Files\Behaviours</Filter>
    </ClInclude>
    <ClInclude Include="InteractorBehaviour.h">
      <Filter>Header Files\Behaviours</Filter>
    </ClInclude>
    <ClInclude Include="PickupBehaviour.h">
      <Filter>Header Files\Behaviours</Filter>
    </ClInclude>
    <ClInclude Include="Scene.h">
      <Filter>Header Files\World</Filter>
    </ClInclude>
    <ClInclude Include="FlashlightBehaviour.h">
      <Filter>Header Files\Behaviours\Items</Filter>
    </ClInclude>
    <ClInclude Include="CameraItemBehaviour.h">
      <Filter>Header Files\Behaviours\Items</Filter>
    </ClInclude>
    <ClInclude Include="MonsterBehaviour.h">
      <Filter>Header Files\Behaviours</Filter>
    </ClInclude>
    <ClInclude Include="InputBindings.h">
      <Filter>Header Files\Data</Filter>
    </ClInclude>
    <ClInclude Include="HeightMap.h">
      <Filter>Header Files\Data</Filter>
    </ClInclude>
    <ClInclude Include="ButtonBehaviours.h">
      <Filter>Header Files\Behaviours\Dev</Filter>
    </ClInclude>
    <ClInclude Include="MenuCameraBehaviour.h">
      <Filter>Header Files\Behaviours</Filter>
    </ClInclude>
    <ClInclude Include="GraphNodeBehaviour.h">
      <Filter>Header Files\Behaviours</Filter>
    </ClInclude>
    <ClInclude Include="GraphManager.h">
      <Filter>Header Files\System</Filter>
    </ClInclude>
    <ClInclude Include="PlayerViewBehaviour.h">
      <Filter>Header Files\Behaviours</Filter>
    </ClInclude>
    <ClInclude Include="BillboardMeshBehaviour.h">
      <Filter>Header Files\Behaviours</Filter>
    </ClInclude>
    <ClInclude Include="BreadcrumbBehaviour.h">
      <Filter>Header Files\Behaviours\Items</Filter>
    </ClInclude>
    <ClInclude Include="PictureBehaviour.h">
      <Filter>Header Files\Behaviours</Filter>
    </ClInclude>
    <ClInclude Include="CollisionHandler.h">
      <Filter>Header Files\System</Filter>
    </ClInclude>
    <ClInclude Include="Intersections.h">
      <Filter>Header Files\Tools</Filter>
    </ClInclude>
    <ClInclude Include="Colliders.h">
      <Filter>Header Files\World</Filter>
    </ClInclude>
    <ClInclude Include="BreadcrumbPileBehaviour.h">
      <Filter>Header Files\Behaviours\Items</Filter>
    </ClInclude>
    <ClInclude Include="AmbientSoundBehaviour.h">
      <Filter>Header Files\Behaviours</Filter>
    </ClInclude>
    <ClInclude Include="TimelineManager.h">
      <Filter>Header Files\System</Filter>
    </ClInclude>
    <ClInclude Include="TimelineSequence.h">
      <Filter>Header Files\System</Filter>
    </ClInclude>
    <ClInclude Include="TimelineWaypoint.h">
      <Filter>Header Files\System</Filter>
    </ClInclude>
    <ClInclude Include="InventoryBehaviour.h">
      <Filter>Header Files\Behaviours</Filter>
    </ClInclude>
    <ClInclude Include="MonsterCapture.h">
      <Filter>Header Files\Behaviours\MonsterStates</Filter>
    </ClInclude>
    <ClInclude Include="MonsterExtendedHunt.h">
      <Filter>Header Files\Behaviours\MonsterStates</Filter>
    </ClInclude>
    <ClInclude Include="MonsterHunt.h">
      <Filter>Header Files\Behaviours\MonsterStates</Filter>
    </ClInclude>
    <ClInclude Include="MonsterHuntDone.h">
      <Filter>Header Files\Behaviours\MonsterStates</Filter>
    </ClInclude>
    <ClInclude Include="MonsterIdle.h">
      <Filter>Header Files\Behaviours\MonsterStates</Filter>
    </ClInclude>
    <ClInclude Include="MonsterState.h">
      <Filter>Header Files\Behaviours\MonsterStates</Filter>
    </ClInclude>
    <ClInclude Include="DebugNew.h">
      <Filter>Header Files\Externals</Filter>
    </ClInclude>
    <ClInclude Include="RestrictedViewBehaviour.h">
      <Filter>Header Files\Behaviours</Filter>
    </ClInclude>
    <ClInclude Include="resource.h" />
    <ClInclude Include="MonsterHintBehaviour.h">
      <Filter>Header Files\Behaviours</Filter>
    </ClInclude>
    <ClInclude Include="EndCutSceneBehaviour.h">
      <Filter>Header Files\Behaviours</Filter>
    </ClInclude>
    <ClInclude Include="PlayerCutsceneBehaviour.h">
      <Filter>Header Files\Behaviours</Filter>
    </ClInclude>
    <ClInclude Include="CompassBehaviour.h">
      <Filter>Header Files\Behaviours\Items</Filter>
    </ClInclude>
    <ClInclude Include="resource.h" />
    <ClInclude Include="EasingFunctions.h">
      <Filter>Header Files\Tools</Filter>
    </ClInclude>
    <ClInclude Include="CreditsBehaviour.h">
      <Filter>Header Files\Behaviours</Filter>
    </ClInclude>
    <ClInclude Include="Window.h">
      <Filter>Header Files\System\Window</Filter>
    </ClInclude>
    <ClInclude Include="WindowSDL3.h">
      <Filter>Header Files\System\Window</Filter>
    </ClInclude>
  </ItemGroup>
  <ItemGroup>
    <FxCompile Include="VS_DebugDraw.hlsl">
      <Filter>Shaders\Vertex</Filter>
    </FxCompile>
    <FxCompile Include="GS_DebugLine.hlsl">
      <Filter>Shaders\Geometry</Filter>
    </FxCompile>
    <FxCompile Include="PS_DebugDraw.hlsl">
      <Filter>Shaders\Pixel</Filter>
    </FxCompile>
    <FxCompile Include="PS_DebugViewAmbient.hlsl">
      <Filter>Shaders\Pixel</Filter>
    </FxCompile>
    <FxCompile Include="PS_DebugViewDepth.hlsl">
      <Filter>Shaders\Pixel</Filter>
    </FxCompile>
    <FxCompile Include="PS_DebugViewDiffuse.hlsl">
      <Filter>Shaders\Pixel</Filter>
    </FxCompile>
    <FxCompile Include="PS_DebugViewLighting.hlsl">
      <Filter>Shaders\Pixel</Filter>
    </FxCompile>
    <FxCompile Include="PS_DebugViewNormal.hlsl">
      <Filter>Shaders\Pixel</Filter>
    </FxCompile>
    <FxCompile Include="PS_DebugViewPosition.hlsl">
      <Filter>Shaders\Pixel</Filter>
    </FxCompile>
    <FxCompile Include="PS_DebugViewShadow.hlsl">
      <Filter>Shaders\Pixel</Filter>
    </FxCompile>
    <FxCompile Include="PS_DebugViewSpecStr.hlsl">
      <Filter>Shaders\Pixel</Filter>
    </FxCompile>
    <FxCompile Include="PS_DebugViewSpecular.hlsl">
      <Filter>Shaders\Pixel</Filter>
    </FxCompile>
    <FxCompile Include="PS_Geometry.hlsl">
      <Filter>Shaders\Pixel</Filter>
    </FxCompile>
    <FxCompile Include="PS_Particle.hlsl">
      <Filter>Shaders\Pixel</Filter>
    </FxCompile>
    <FxCompile Include="PS_Transparent.hlsl">
      <Filter>Shaders\Pixel</Filter>
    </FxCompile>
    <FxCompile Include="CS_Particle.hlsl">
      <Filter>Shaders\Compute</Filter>
    </FxCompile>
    <FxCompile Include="DS_LOD.hlsl">
      <Filter>Shaders</Filter>
    </FxCompile>
    <FxCompile Include="GS_Billboard.hlsl">
      <Filter>Shaders\Geometry</Filter>
    </FxCompile>
    <FxCompile Include="HS_LOD.hlsl">
      <Filter>Shaders</Filter>
    </FxCompile>
    <FxCompile Include="VS_Depth.hlsl">
      <Filter>Shaders\Vertex</Filter>
    </FxCompile>
    <FxCompile Include="VS_Geometry.hlsl">
      <Filter>Shaders\Vertex</Filter>
    </FxCompile>
    <FxCompile Include="VS_Particle.hlsl">
      <Filter>Shaders\Vertex</Filter>
    </FxCompile>
    <FxCompile Include="CS_BlurHorizontalFX.hlsl">
      <Filter>Shaders\Compute</Filter>
    </FxCompile>
    <FxCompile Include="CS_BlurVerticalFX.hlsl">
      <Filter>Shaders\Compute</Filter>
    </FxCompile>
    <FxCompile Include="CS_CombineFX.hlsl">
      <Filter>Shaders\Compute</Filter>
    </FxCompile>
    <FxCompile Include="CS_FogFX.hlsl">
      <Filter>Shaders\Compute</Filter>
    </FxCompile>
    <FxCompile Include="PS_DebugViewUVCoords.hlsl">
      <Filter>Shaders\Pixel</Filter>
    </FxCompile>
    <FxCompile Include="PS_TriPlanar.hlsl">
      <Filter>Shaders\Pixel</Filter>
    </FxCompile>
    <FxCompile Include="VS_GeometryDistortion.hlsl">
      <Filter>Shaders\Vertex</Filter>
    </FxCompile>
    <FxCompile Include="VS_DepthDistortion.hlsl">
      <Filter>Shaders\Vertex</Filter>
    </FxCompile>
  </ItemGroup>
  <ItemGroup>
    <ClCompile Include="Entity.cpp">
      <Filter>Source Files\World</Filter>
    </ClCompile>
    <ClCompile Include="Transform.cpp">
      <Filter>Source Files\World</Filter>
    </ClCompile>
    <ClCompile Include="Time.cpp">
      <Filter>Source Files\Data</Filter>
    </ClCompile>
    <ClCompile Include="Input.cpp">
      <Filter>Source Files\Data</Filter>
    </ClCompile>
    <ClCompile Include="ContentLoader.cpp">
      <Filter>Source Files\Tools</Filter>
    </ClCompile>
    <ClCompile Include="ErrMsg.cpp">
      <Filter>Source Files\Tools</Filter>
    </ClCompile>
    <ClCompile Include="Content.cpp">
      <Filter>Source Files\System</Filter>
    </ClCompile>
    <ClCompile Include="Graphics.cpp">
      <Filter>Source Files\System</Filter>
    </ClCompile>
    <ClCompile Include="Game.cpp">
      <Filter>Source Files\System</Filter>
    </ClCompile>
    <ClCompile Include="VertexBufferD3D11.cpp">
      <Filter>Source Files\Data</Filter>
    </ClCompile>
    <ClCompile Include="SubMeshD3D11.cpp">
      <Filter>Source Files\Data</Filter>
    </ClCompile>
    <ClCompile Include="StructuredBufferD3D11.cpp">
      <Filter>Source Files\Data</Filter>
    </ClCompile>
    <ClCompile Include="ShaderResourceTextureD3D11.cpp">
      <Filter>Source Files\Data</Filter>
    </ClCompile>
    <ClCompile Include="ShaderD3D11.cpp">
      <Filter>Source Files\Data</Filter>
    </ClCompile>
    <ClCompile Include="SamplerD3D11.cpp">
      <Filter>Source Files\Data</Filter>
    </ClCompile>
    <ClCompile Include="RenderTargetD3D11.cpp">
      <Filter>Source Files\Data</Filter>
    </ClCompile>
    <ClCompile Include="MeshD3D11.cpp">
      <Filter>Source Files\Data</Filter>
    </ClCompile>
    <ClCompile Include="InputLayoutD3D11.cpp">
      <Filter>Source Files\Data</Filter>
    </ClCompile>
    <ClCompile Include="IndexBufferD3D11.cpp">
      <Filter>Source Files\Data</Filter>
    </ClCompile>
    <ClCompile Include="DepthBufferD3D11.cpp">
      <Filter>Source Files\Data</Filter>
    </ClCompile>
    <ClCompile Include="ConstantBufferD3D11.cpp">
      <Filter>Source Files\Data</Filter>
    </ClCompile>
    <ClCompile Include="D3D11Helper.cpp">
      <Filter>Source Files\Tools</Filter>
    </ClCompile>
    <ClCompile Include="Behaviour.cpp">
      <Filter>Source Files\World</Filter>
    </ClCompile>
    <ClCompile Include="Main.cpp">
      <Filter>Source Files\System</Filter>
    </ClCompile>
    <ClCompile Include="CameraBehaviour.cpp">
      <Filter>Source Files\Behaviours</Filter>
    </ClCompile>
    <ClCompile Include="MeshBehaviour.cpp">
      <Filter>Source Files\Behaviours</Filter>
    </ClCompile>
    <ClCompile Include="CameraCubeBehaviour.cpp">
      <Filter>Source Files\Behaviours</Filter>
    </ClCompile>
    <ClCompile Include="Behaviour.cpp">
      <Filter>Source Files\Behaviours</Filter>
    </ClCompile>
    <ClCompile Include="SceneHolder.cpp">
      <Filter>Source Files\World</Filter>
    </ClCompile>
    <ClCompile Include="Behaviour.cpp">
      <Filter>Source Files\Behaviours</Filter>
    </ClCompile>
    <ClCompile Include="SoundBehaviour.cpp">
      <Filter>Source Files\Behaviours</Filter>
    </ClCompile>
    <ClCompile Include="SoundEngine.cpp">
      <Filter>Source Files\System</Filter>
    </ClCompile>
    <ClCompile Include="SoundSource.cpp">
      <Filter>Source Files\System</Filter>
    </ClCompile>
    <ClCompile Include="ImGui\imgui.cpp">
      <Filter>Source Files\Externals</Filter>
    </ClCompile>
    <ClCompile Include="ImGui\imgui_demo.cpp">
      <Filter>Source Files\Externals</Filter>
    </ClCompile>
    <ClCompile Include="ImGui\imgui_draw.cpp">
      <Filter>Source Files\Externals</Filter>
    </ClCompile>
    <ClCompile Include="ImGui\imgui_impl_dx11.cpp">
      <Filter>Source Files\Externals</Filter>
    </ClCompile>
    <ClCompile Include="ImGui\imgui_impl_sdl3.cpp">
      <Filter>Source Files\Externals</Filter>
    </ClCompile>
    <ClCompile Include="ImGui\imgui_stdlib.cpp">
      <Filter>Source Files\Externals</Filter>
    </ClCompile>
    <ClCompile Include="ImGui\imgui_tables.cpp">
      <Filter>Source Files\Externals</Filter>
    </ClCompile>
    <ClCompile Include="ImGui\imgui_widgets.cpp">
      <Filter>Source Files\Externals</Filter>
    </ClCompile>
    <ClCompile Include="PointLightCollection.cpp">
      <Filter>Source Files\World</Filter>
    </ClCompile>
    <ClCompile Include="SpotLightCollection.cpp">
      <Filter>Source Files\World</Filter>
    </ClCompile>
    <ClCompile Include="CollisionHandler.cpp" />
    <ClCompile Include="Colliders.cpp" />
    <ClCompile Include="Intersections.cpp" />
    <ClCompile Include="ExampleCollisionBehaviour.cpp">
      <Filter>Source Files\Behaviours</Filter>
    </ClCompile>
    <ClCompile Include="tinyfiledialogs.cpp">
      <Filter>Source Files\Externals</Filter>
    </ClCompile>
  </ItemGroup>
  <ItemGroup>
    <ClInclude Include="Entity.h">
      <Filter>Header Files\World</Filter>
    </ClInclude>
    <ClInclude Include="Transform.h">
      <Filter>Header Files\World</Filter>
    </ClInclude>
    <ClInclude Include="Content.h">
      <Filter>Header Files\System</Filter>
    </ClInclude>
    <ClInclude Include="ConstantBufferD3D11.h">
      <Filter>Header Files\Data</Filter>
    </ClInclude>
    <ClInclude Include="ContentLoader.h">
      <Filter>Header Files\Tools</Filter>
    </ClInclude>
    <ClInclude Include="D3D11Helper.h">
      <Filter>Header Files\Tools</Filter>
    </ClInclude>
    <ClInclude Include="DepthBufferD3D11.h">
      <Filter>Header Files\Data</Filter>
    </ClInclude>
    <ClInclude Include="PointLightCollection.h">
      <Filter>Header Files\World</Filter>
    </ClInclude>
    <ClInclude Include="SpotLightCollection.h">
      <Filter>Header Files\World</Filter>
    </ClInclude>
    <ClInclude Include="ErrMsg.h">
      <Filter>Header Files\Tools</Filter>
    </ClInclude>
    <ClInclude Include="Game.h">
      <Filter>Header Files\System</Filter>
    </ClInclude>
    <ClInclude Include="Graphics.h">
      <Filter>Header Files\System</Filter>
    </ClInclude>
    <ClInclude Include="IndexBufferD3D11.h">
      <Filter>Header Files\Data</Filter>
    </ClInclude>
    <ClInclude Include="InputLayoutD3D11.h">
      <Filter>Header Files\Data</Filter>
    </ClInclude>
    <ClInclude Include="MeshD3D11.h">
      <Filter>Header Files\Data</Filter>
    </ClInclude>
    <ClInclude Include="RenderTargetD3D11.h">
      <Filter>Header Files\Data</Filter>
    </ClInclude>
    <ClInclude Include="SamplerD3D11.h">
      <Filter>Header Files\Data</Filter>
    </ClInclude>
    <ClInclude Include="ShaderD3D11.h">
      <Filter>Header Files\Data</Filter>
    </ClInclude>
    <ClInclude Include="ShaderResourceTextureD3D11.h">
      <Filter>Header Files\Data</Filter>
    </ClInclude>
    <ClInclude Include="StructuredBufferD3D11.h">
      <Filter>Header Files\Data</Filter>
    </ClInclude>
    <ClInclude Include="SubMeshD3D11.h">
      <Filter>Header Files\Data</Filter>
    </ClInclude>
    <ClInclude Include="VertexBufferD3D11.h">
      <Filter>Header Files\Data</Filter>
    </ClInclude>
    <ClInclude Include="stb_image.h">
      <Filter>Header Files\Tools</Filter>
    </ClInclude>
    <ClInclude Include="Material.h">
      <Filter>Header Files\Data</Filter>
    </ClInclude>
    <ClInclude Include="Time.h">
      <Filter>Header Files\Data</Filter>
    </ClInclude>
    <ClInclude Include="Input.h">
      <Filter>Header Files\Data</Filter>
    </ClInclude>
    <ClInclude Include="Raycast.h">
      <Filter>Header Files\Tools</Filter>
    </ClInclude>
    <ClInclude Include="Octree.h">
      <Filter>Header Files\World</Filter>
    </ClInclude>
    <ClInclude Include="Quadtree.h">
      <Filter>Header Files\World</Filter>
    </ClInclude>
    <ClInclude Include="GameMath.h">
      <Filter>Header Files\Tools</Filter>
    </ClInclude>
    <ClInclude Include="CameraBehaviour.h">
      <Filter>Header Files\Behaviours</Filter>
    </ClInclude>
    <ClInclude Include="MeshBehaviour.h">
      <Filter>Header Files\Behaviours</Filter>
    </ClInclude>
    <ClInclude Include="CameraCubeBehaviour.h">
      <Filter>Header Files\Behaviours</Filter>
    </ClInclude>
    <ClInclude Include="RenderQueuer.h">
      <Filter>Header Files\Data</Filter>
    </ClInclude>
    <ClInclude Include="Behaviour.h">
      <Filter>Header Files\Behaviours</Filter>
    </ClInclude>
    <ClInclude Include="SceneHolder.h">
      <Filter>Header Files\World</Filter>
    </ClInclude>
    <ClInclude Include="RendererInfo.h">
      <Filter>Header Files\Data</Filter>
    </ClInclude>
    <ClInclude Include="SoundBehaviour.h">
      <Filter>Header Files\Behaviours</Filter>
    </ClInclude>
    <ClInclude Include="SoundEngine.h">
      <Filter>Header Files\System</Filter>
    </ClInclude>
    <ClInclude Include="SoundSource.h">
      <Filter>Header Files\System</Filter>
    </ClInclude>
    <ClInclude Include="UIButtonBehaviour.h">
      <Filter>Header Files\Behaviours</Filter>
    </ClInclude>
    <ClInclude Include="ImGui\imconfig.h">
      <Filter>Header Files\Externals</Filter>
    </ClInclude>
    <ClInclude Include="ImGui\imgui.h">
      <Filter>Header Files\Externals</Filter>
    </ClInclude>
    <ClInclude Include="ImGui\imgui_impl_dx11.h">
      <Filter>Header Files\Externals</Filter>
    </ClInclude>
    <ClInclude Include="ImGui\imgui_impl_sdl3.h">
      <Filter>Header Files\Externals</Filter>
    </ClInclude>
    <ClInclude Include="ImGui\imgui_internal.h">
      <Filter>Header Files\Externals</Filter>
    </ClInclude>
    <ClInclude Include="ImGui\imgui_stdlib.h">
      <Filter>Header Files\Externals</Filter>
    </ClInclude>
    <ClInclude Include="ImGui\imstb_rectpack.h">
      <Filter>Header Files\Externals</Filter>
    </ClInclude>
    <ClInclude Include="ImGui\imstb_textedit.h">
      <Filter>Header Files\Externals</Filter>
    </ClInclude>
    <ClInclude Include="ImGui\imstb_truetype.h">
      <Filter>Header Files\Externals</Filter>
    </ClInclude>
    <ClInclude Include="CollisionHandler.h" />
    <ClInclude Include="Colliders.h" />
    <ClInclude Include="Intersections.h" />
    <ClInclude Include="ExampleCollisionBehaviour.h">
      <Filter>Header Files\Behaviours</Filter>
    </ClInclude>
    <ClInclude Include="tinyfiledialogs.h">
      <Filter>Header Files\Externals</Filter>
    </ClInclude>
  </ItemGroup>
  <ItemGroup>
    <None Include="packages.config" />
    <None Include="DefaultMaterial.hlsli">
      <Filter>Shaders\Includes</Filter>
    </None>
    <None Include="LightData.hlsli">
      <Filter>Shaders\Includes</Filter>
    </None>
    <None Include="Common.hlsli">
      <Filter>Shaders\Includes</Filter>
    </None>
    <None Include="LightSampling.hlsli">
      <Filter>Shaders\Includes</Filter>
    </None>
    <None Include="BlurParams.hlsli">
      <Filter>Shaders\Includes</Filter>
    </None>
  </ItemGroup>
  <ItemGroup>
    <Filter Include="Header Files">
      <UniqueIdentifier>{35a12909-ae3e-4876-976b-dc8340ab6300}</UniqueIdentifier>
    </Filter>
    <Filter Include="Source Files">
      <UniqueIdentifier>{e21550c3-aceb-4072-b114-b507a11e73c0}</UniqueIdentifier>
    </Filter>
    <Filter Include="Header Files\World">
      <UniqueIdentifier>{95b35a57-672f-46d6-b527-2c96c89ff450}</UniqueIdentifier>
    </Filter>
    <Filter Include="Source Files\World">
      <UniqueIdentifier>{2ea6e436-5aea-4841-b0a8-7d8a98839e6d}</UniqueIdentifier>
    </Filter>
    <Filter Include="Shaders">
      <UniqueIdentifier>{cd16b0ba-2fa4-41c0-971e-b0bf24232dca}</UniqueIdentifier>
    </Filter>
    <Filter Include="Header Files\Externals">
      <UniqueIdentifier>{77ed5833-2934-4922-80f0-d14ec3956382}</UniqueIdentifier>
    </Filter>
    <Filter Include="Source Files\Externals">
      <UniqueIdentifier>{0993f5ea-c9f2-4453-bc8c-3d5dae9ceb00}</UniqueIdentifier>
    </Filter>
    <Filter Include="Header Files\Data">
      <UniqueIdentifier>{72bd6260-d46e-41af-9597-d898338818b6}</UniqueIdentifier>
    </Filter>
    <Filter Include="Source Files\Data">
      <UniqueIdentifier>{0c9131c6-f10a-46f7-90fc-988c8d0f6086}</UniqueIdentifier>
    </Filter>
    <Filter Include="Shaders\Compute">
      <UniqueIdentifier>{991f5029-727d-4c68-95d0-e658dc131d89}</UniqueIdentifier>
    </Filter>
    <Filter Include="Shaders\Pixel">
      <UniqueIdentifier>{fd23adcd-da71-41af-a130-5acf7f58da08}</UniqueIdentifier>
    </Filter>
    <Filter Include="Shaders\Vertex">
      <UniqueIdentifier>{1c539eda-0589-4916-b9c9-c084b11f6c22}</UniqueIdentifier>
    </Filter>
    <Filter Include="Shaders\Geometry">
      <UniqueIdentifier>{dee68ba1-c94e-4800-a7e1-a97998ccc6cd}</UniqueIdentifier>
    </Filter>
    <Filter Include="Source Files\Tools">
      <UniqueIdentifier>{b5e40e30-afc2-41f8-9987-bdb1c0294441}</UniqueIdentifier>
    </Filter>
    <Filter Include="Source Files\System">
      <UniqueIdentifier>{de3facb8-3eec-4724-91b3-ef7cf2e7841d}</UniqueIdentifier>
    </Filter>
    <Filter Include="Header Files\System">
      <UniqueIdentifier>{778d3747-6d82-4fa5-85fa-8df48ebb9e5d}</UniqueIdentifier>
    </Filter>
    <Filter Include="Header Files\Tools">
      <UniqueIdentifier>{497c0896-9a0f-4580-8ab9-82c48a5bd80a}</UniqueIdentifier>
    </Filter>
    <Filter Include="Source Files\Behaviours">
      <UniqueIdentifier>{66608172-0373-4af3-b141-672e5c5da9f0}</UniqueIdentifier>
    </Filter>
    <Filter Include="Header Files\Behaviours">
      <UniqueIdentifier>{13b410a1-6f46-4784-90e6-aae26893d1fb}</UniqueIdentifier>
    </Filter>
    <Filter Include="Shaders\Includes">
      <UniqueIdentifier>{2fec99fa-477b-4bd6-b3c0-24f9d55d6168}</UniqueIdentifier>
    </Filter>
    <Filter Include="Source Files\Behaviours\Light">
      <UniqueIdentifier>{2a0cd87a-3ff6-406d-91c4-622b508cde42}</UniqueIdentifier>
    </Filter>
    <Filter Include="Source Files\Behaviours\Dev">
      <UniqueIdentifier>{03275721-aaf3-4f84-b87f-1f68bc5ca2ea}</UniqueIdentifier>
    </Filter>
    <Filter Include="Header Files\Behaviours\Dev">
      <UniqueIdentifier>{4a93e000-1626-4bbe-ae8c-d7229a8dd360}</UniqueIdentifier>
    </Filter>
    <Filter Include="Header Files\Behaviours\Light">
      <UniqueIdentifier>{5b39519b-03a6-434e-829f-1d0fe5be30ef}</UniqueIdentifier>
    </Filter>
    <Filter Include="Source Files\Behaviours\Items">
      <UniqueIdentifier>{39364031-439c-4012-8524-5a4098510ada}</UniqueIdentifier>
    </Filter>
    <Filter Include="Header Files\Behaviours\Items">
      <UniqueIdentifier>{677222b6-7ba4-4bb6-8056-aace9ffa27e4}</UniqueIdentifier>
    </Filter>
    <Filter Include="Header Files\Behaviours\MonsterStates">
      <UniqueIdentifier>{7ae46a70-0d0f-43f3-87b1-205f35c33be1}</UniqueIdentifier>
    </Filter>
    <Filter Include="Source Files\Behaviours\MonsterStates">
      <UniqueIdentifier>{ad7a9354-a2f5-46f5-9cb8-b00fa695fa88}</UniqueIdentifier>
    </Filter>
    <Filter Include="Header Files\System\Window">
      <UniqueIdentifier>{11ed56ba-871e-4ff7-b3a3-944e07ea3d6c}</UniqueIdentifier>
    </Filter>
    <Filter Include="Source Files\System\Window">
      <UniqueIdentifier>{17f1f747-6885-435d-97b6-4ac9b0d7e51d}</UniqueIdentifier>
    </Filter>
  </ItemGroup>
  <ItemGroup>
    <Filter Include="Header Files">
      <UniqueIdentifier>{35a12909-ae3e-4876-976b-dc8340ab6300}</UniqueIdentifier>
    </Filter>
    <Filter Include="Source Files">
      <UniqueIdentifier>{e21550c3-aceb-4072-b114-b507a11e73c0}</UniqueIdentifier>
    </Filter>
    <Filter Include="Header Files\World">
      <UniqueIdentifier>{95b35a57-672f-46d6-b527-2c96c89ff450}</UniqueIdentifier>
    </Filter>
    <Filter Include="Source Files\World">
      <UniqueIdentifier>{2ea6e436-5aea-4841-b0a8-7d8a98839e6d}</UniqueIdentifier>
    </Filter>
    <Filter Include="Shaders">
      <UniqueIdentifier>{cd16b0ba-2fa4-41c0-971e-b0bf24232dca}</UniqueIdentifier>
    </Filter>
    <Filter Include="Header Files\Externals">
      <UniqueIdentifier>{77ed5833-2934-4922-80f0-d14ec3956382}</UniqueIdentifier>
    </Filter>
    <Filter Include="Source Files\Externals">
      <UniqueIdentifier>{0993f5ea-c9f2-4453-bc8c-3d5dae9ceb00}</UniqueIdentifier>
    </Filter>
    <Filter Include="Header Files\Data">
      <UniqueIdentifier>{72bd6260-d46e-41af-9597-d898338818b6}</UniqueIdentifier>
    </Filter>
    <Filter Include="Source Files\Data">
      <UniqueIdentifier>{0c9131c6-f10a-46f7-90fc-988c8d0f6086}</UniqueIdentifier>
    </Filter>
    <Filter Include="Shaders\Compute">
      <UniqueIdentifier>{991f5029-727d-4c68-95d0-e658dc131d89}</UniqueIdentifier>
    </Filter>
    <Filter Include="Shaders\Pixel">
      <UniqueIdentifier>{fd23adcd-da71-41af-a130-5acf7f58da08}</UniqueIdentifier>
    </Filter>
    <Filter Include="Shaders\Vertex">
      <UniqueIdentifier>{1c539eda-0589-4916-b9c9-c084b11f6c22}</UniqueIdentifier>
    </Filter>
    <Filter Include="Shaders\Geometry">
      <UniqueIdentifier>{dee68ba1-c94e-4800-a7e1-a97998ccc6cd}</UniqueIdentifier>
    </Filter>
    <Filter Include="Source Files\Tools">
      <UniqueIdentifier>{b5e40e30-afc2-41f8-9987-bdb1c0294441}</UniqueIdentifier>
    </Filter>
    <Filter Include="Source Files\System">
      <UniqueIdentifier>{de3facb8-3eec-4724-91b3-ef7cf2e7841d}</UniqueIdentifier>
    </Filter>
    <Filter Include="Header Files\System">
      <UniqueIdentifier>{778d3747-6d82-4fa5-85fa-8df48ebb9e5d}</UniqueIdentifier>
    </Filter>
    <Filter Include="Header Files\Tools">
      <UniqueIdentifier>{497c0896-9a0f-4580-8ab9-82c48a5bd80a}</UniqueIdentifier>
    </Filter>
    <Filter Include="Source Files\Behaviours">
      <UniqueIdentifier>{66608172-0373-4af3-b141-672e5c5da9f0}</UniqueIdentifier>
    </Filter>
    <Filter Include="Header Files\Behaviours">
      <UniqueIdentifier>{13b410a1-6f46-4784-90e6-aae26893d1fb}</UniqueIdentifier>
    </Filter>
  </ItemGroup>
  <ItemGroup>
    <Image Include="Content\Textures\logo.ico" />
    <Image Include="icon1.ico" />
    <Image Include="..\..\..\Pictures\textures\logo.png" />
    <Image Include="..\..\..\Downloads\logo.ico" />
    <Image Include="..\..\..\Downloads\logo_yLw_icon.ico" />
  </ItemGroup>
  <ItemGroup>
    <ResourceCompile Include="Litet-Spelprojekt.rc" />
  </ItemGroup>
</Project>