<?xml version="1.0" encoding="utf-8"?>
<Project ToolsVersion="4.0" xmlns="http://schemas.microsoft.com/developer/msbuild/2003">
  <ItemGroup>
    <Filter Include="Source Files">
      <UniqueIdentifier>{4FC737F1-C7A5-4376-A066-2A32D752A2FF}</UniqueIdentifier>
      <Extensions>cpp;c;cc;cxx;c++;cppm;ixx;def;odl;idl;hpj;bat;asm;asmx</Extensions>
    </Filter>
    <Filter Include="Header Files">
      <UniqueIdentifier>{93995380-89BD-4b04-88EB-625FBE52EBFB}</UniqueIdentifier>
      <Extensions>h;hh;hpp;hxx;h++;hm;inl;inc;ipp;xsd</Extensions>
    </Filter>
    <Filter Include="Resource Files">
      <UniqueIdentifier>{67DA6AB6-F800-4c08-8B7A-83BB121AAD01}</UniqueIdentifier>
      <Extensions>rc;ico;cur;bmp;dlg;rc2;rct;bin;rgs;gif;jpg;jpeg;jpe;resx;tiff;tif;png;wav;mfcribbon-ms</Extensions>
    </Filter>
  </ItemGroup>
  <ItemGroup>
    <ClCompile Include="src\main.cpp">
      <Filter>Source Files</Filter>
    </ClCompile>
    <ClCompile Include="pch\stdafx.cpp">
      <Filter>Source Files</Filter>
    </ClCompile>
    <ClCompile Include="src\LuaConsole.cpp">
      <Filter>Source Files</Filter>
    </ClCompile>
    <ClCompile Include="src\LuaUtils.cpp">
      <Filter>Source Files</Filter>
    </ClCompile>
    <ClCompile Include="src\Game\Scenes\GameScene.cpp">
      <Filter>Source Files</Filter>
    </ClCompile>
    <ClCompile Include="src\Game\Utilities\DungeonGenerator.cpp">
      <Filter>Source Files</Filter>
    </ClCompile>
    <ClCompile Include="src\Game\Utilities\Math.cpp">
      <Filter>Source Files</Filter>
    </ClCompile>
    <ClCompile Include="src\Game\Utilities\Algorithms.cpp">
      <Filter>Source Files</Filter>
    </ClCompile>
    <ClCompile Include="src\Game\Scene.cpp">
      <Filter>Source Files</Filter>
    </ClCompile>
    <ClCompile Include="src\Game\Systems\System.cpp">
      <Filter>Source Files</Filter>
    </ClCompile>
    <ClCompile Include="src\Game\Tools\ErrMsg.cpp">
      <Filter>Source Files</Filter>
    </ClCompile>
    <ClCompile Include="src\Game\Tools\TrackedAlloc.cpp">
      <Filter>Source Files</Filter>
    </ClCompile>
    <ClCompile Include="src\Game\Utilities\WindowsWrapped.cpp">
      <Filter>Source Files</Filter>
    </ClCompile>
    <ClCompile Include="src\Game\Utilities\InputHandler.cpp">
      <Filter>Source Files</Filter>
    </ClCompile>
    <ClCompile Include="src\Game\Utilities\LuaInput.cpp">
      <Filter>Source Files</Filter>
    </ClCompile>
    <ClCompile Include="dep\tracy-0.11.1\public\TracyClient.cpp">
      <Filter>Source Files</Filter>
    </ClCompile>
    <ClCompile Include="src\Game\ResourceManager.cpp">
      <Filter>Source Files</Filter>
    </ClCompile>
    <ClCompile Include="src\Game\Utilities\LuaGame.cpp">
      <Filter>Source Files</Filter>
    </ClCompile>
    <ClCompile Include="src\Game\PhysicsHandler.cpp">
      <Filter>Source Files</Filter>
    </ClCompile>
    <ClCompile Include="src\Game\Scenes\MenuScene.cpp">
      <Filter>Source Files</Filter>
    </ClCompile>
    <ClCompile Include="src\Game\Scenes\EditorScene.cpp">
      <Filter>Source Files</Filter>
    </ClCompile>
    <ClCompile Include="dep\imgui\rlImGui.cpp">
      <Filter>Source Files</Filter>
    </ClCompile>
    <ClCompile Include="dep\imgui\imgui.cpp">
      <Filter>Source Files</Filter>
    </ClCompile>
    <ClCompile Include="dep\imgui\imgui_demo.cpp">
      <Filter>Source Files</Filter>
    </ClCompile>
    <ClCompile Include="dep\imgui\imgui_draw.cpp">
      <Filter>Source Files</Filter>
    </ClCompile>
    <ClCompile Include="dep\imgui\imgui_tables.cpp">
      <Filter>Source Files</Filter>
    </ClCompile>
    <ClCompile Include="dep\imgui\imgui_widgets.cpp">
      <Filter>Source Files</Filter>
    </ClCompile>
    <ClCompile Include="src\Game\Utilities\ModLoader.cpp">
      <Filter>Source Files</Filter>
    </ClCompile>
    <ClCompile Include="src\Game\Utilities\GameMath.cpp">
      <Filter>Source Files</Filter>
    </ClCompile>
    <ClCompile Include="src\Game\Tools\ImLua.cpp">
      <Filter>Source Files</Filter>
    </ClCompile>
  </ItemGroup>
  <ItemGroup>
    <ClInclude Include="pch\stdafx.h">
      <Filter>Header Files</Filter>
    </ClInclude>
    <ClInclude Include="dep\EnTT\entt.hpp">
      <Filter>Header Files</Filter>
    </ClInclude>
    <ClInclude Include="src\LuaConsole.h">
      <Filter>Header Files</Filter>
    </ClInclude>
    <ClInclude Include="src\LuaUtils.h">
      <Filter>Header Files</Filter>
    </ClInclude>
    <ClInclude Include="dep\raylib-cpp\AudioDevice.hpp">
      <Filter>Header Files</Filter>
    </ClInclude>
    <ClInclude Include="dep\raylib-cpp\AudioStream.hpp">
      <Filter>Header Files</Filter>
    </ClInclude>
    <ClInclude Include="dep\raylib-cpp\AutomationEventList.hpp">
      <Filter>Header Files</Filter>
    </ClInclude>
    <ClInclude Include="dep\raylib-cpp\BoundingBox.hpp">
      <Filter>Header Files</Filter>
    </ClInclude>
    <ClInclude Include="dep\raylib-cpp\Camera2D.hpp">
      <Filter>Header Files</Filter>
    </ClInclude>
    <ClInclude Include="dep\raylib-cpp\Camera3D.hpp">
      <Filter>Header Files</Filter>
    </ClInclude>
    <ClInclude Include="dep\raylib-cpp\Color.hpp">
      <Filter>Header Files</Filter>
    </ClInclude>
    <ClInclude Include="dep\raylib-cpp\FileData.hpp">
      <Filter>Header Files</Filter>
    </ClInclude>
    <ClInclude Include="dep\raylib-cpp\FileText.hpp">
      <Filter>Header Files</Filter>
    </ClInclude>
    <ClInclude Include="dep\raylib-cpp\Font.hpp">
      <Filter>Header Files</Filter>
    </ClInclude>
    <ClInclude Include="dep\raylib-cpp\Functions.hpp">
      <Filter>Header Files</Filter>
    </ClInclude>
    <ClInclude Include="dep\raylib-cpp\Gamepad.hpp">
      <Filter>Header Files</Filter>
    </ClInclude>
    <ClInclude Include="dep\raylib-cpp\Image.hpp">
      <Filter>Header Files</Filter>
    </ClInclude>
    <ClInclude Include="dep\raylib-cpp\Keyboard.hpp">
      <Filter>Header Files</Filter>
    </ClInclude>
    <ClInclude Include="dep\raylib-cpp\Material.hpp">
      <Filter>Header Files</Filter>
    </ClInclude>
    <ClInclude Include="dep\raylib-cpp\Matrix.hpp">
      <Filter>Header Files</Filter>
    </ClInclude>
    <ClInclude Include="dep\raylib-cpp\Mesh.hpp">
      <Filter>Header Files</Filter>
    </ClInclude>
    <ClInclude Include="dep\raylib-cpp\MeshUnmanaged.hpp">
      <Filter>Header Files</Filter>
    </ClInclude>
    <ClInclude Include="dep\raylib-cpp\Model.hpp">
      <Filter>Header Files</Filter>
    </ClInclude>
    <ClInclude Include="dep\raylib-cpp\ModelAnimation.hpp">
      <Filter>Header Files</Filter>
    </ClInclude>
    <ClInclude Include="dep\raylib-cpp\Mouse.hpp">
      <Filter>Header Files</Filter>
    </ClInclude>
    <ClInclude Include="dep\raylib-cpp\Music.hpp">
      <Filter>Header Files</Filter>
    </ClInclude>
    <ClInclude Include="dep\raylib-cpp\Ray.hpp">
      <Filter>Header Files</Filter>
    </ClInclude>
    <ClInclude Include="dep\raylib-cpp\RayCollision.hpp">
      <Filter>Header Files</Filter>
    </ClInclude>
    <ClInclude Include="dep\raylib-cpp\raylib.hpp">
      <Filter>Header Files</Filter>
    </ClInclude>
    <ClInclude Include="dep\raylib-cpp\raylib-cpp.hpp">
      <Filter>Header Files</Filter>
    </ClInclude>
    <ClInclude Include="dep\raylib-cpp\raylib-cpp-utils.hpp">
      <Filter>Header Files</Filter>
    </ClInclude>
    <ClInclude Include="dep\raylib-cpp\RaylibException.hpp">
      <Filter>Header Files</Filter>
    </ClInclude>
    <ClInclude Include="dep\raylib-cpp\raymath.hpp">
      <Filter>Header Files</Filter>
    </ClInclude>
    <ClInclude Include="dep\raylib-cpp\Rectangle.hpp">
      <Filter>Header Files</Filter>
    </ClInclude>
    <ClInclude Include="dep\raylib-cpp\RenderTexture.hpp">
      <Filter>Header Files</Filter>
    </ClInclude>
    <ClInclude Include="dep\raylib-cpp\Shader.hpp">
      <Filter>Header Files</Filter>
    </ClInclude>
    <ClInclude Include="dep\raylib-cpp\ShaderUnmanaged.hpp">
      <Filter>Header Files</Filter>
    </ClInclude>
    <ClInclude Include="dep\raylib-cpp\Sound.hpp">
      <Filter>Header Files</Filter>
    </ClInclude>
    <ClInclude Include="dep\raylib-cpp\Text.hpp">
      <Filter>Header Files</Filter>
    </ClInclude>
    <ClInclude Include="dep\raylib-cpp\Texture.hpp">
      <Filter>Header Files</Filter>
    </ClInclude>
    <ClInclude Include="dep\raylib-cpp\TextureUnmanaged.hpp">
      <Filter>Header Files</Filter>
    </ClInclude>
    <ClInclude Include="dep\raylib-cpp\Touch.hpp">
      <Filter>Header Files</Filter>
    </ClInclude>
    <ClInclude Include="dep\raylib-cpp\Vector2.hpp">
      <Filter>Header Files</Filter>
    </ClInclude>
    <ClInclude Include="dep\raylib-cpp\Vector3.hpp">
      <Filter>Header Files</Filter>
    </ClInclude>
    <ClInclude Include="dep\raylib-cpp\Vector4.hpp">
      <Filter>Header Files</Filter>
    </ClInclude>
    <ClInclude Include="dep\raylib-cpp\VrStereoConfig.hpp">
      <Filter>Header Files</Filter>
    </ClInclude>
    <ClInclude Include="dep\raylib-cpp\Wave.hpp">
      <Filter>Header Files</Filter>
    </ClInclude>
    <ClInclude Include="dep\raylib-cpp\Window.hpp">
      <Filter>Header Files</Filter>
    </ClInclude>
    <ClInclude Include="src\Game\Scenes\GameScene.h">
      <Filter>Header Files</Filter>
    </ClInclude>
    <ClInclude Include="src\Game\Utilities\DungeonGenerator.h">
      <Filter>Header Files</Filter>
    </ClInclude>
    <ClInclude Include="src\Game\Utilities\Math.h">
      <Filter>Header Files</Filter>
    </ClInclude>
    <ClInclude Include="src\Game\Utilities\Algorithms.h">
      <Filter>Header Files</Filter>
    </ClInclude>
    <ClInclude Include="src\Game\Scene.h">
      <Filter>Header Files</Filter>
    </ClInclude>
    <ClInclude Include="src\Game\Systems\System.h">
      <Filter>Header Files</Filter>
    </ClInclude>
    <ClInclude Include="src\Game\Utilities\Time.h">
      <Filter>Header Files</Filter>
    </ClInclude>
    <ClInclude Include="src\Game\Tools\ConstRand.h">
      <Filter>Header Files</Filter>
    </ClInclude>
    <ClInclude Include="src\Game\Tools\ErrMsg.h">
      <Filter>Header Files</Filter>
    </ClInclude>
    <ClInclude Include="src\Game\Tools\TrackedAlloc.h">
      <Filter>Header Files</Filter>
    </ClInclude>
    <ClInclude Include="src\Game\Components\Components.h">
      <Filter>Header Files</Filter>
    </ClInclude>
    <ClInclude Include="src\Game\Utilities\WindowsWrapped.h">
      <Filter>Header Files</Filter>
    </ClInclude>
    <ClInclude Include="src\Game\Utilities\InputHandler.h">
      <Filter>Header Files</Filter>
    </ClInclude>
    <ClInclude Include="src\Game\Utilities\LuaInput.h">
      <Filter>Header Files</Filter>
    </ClInclude>
    <ClInclude Include="src\Game\EngineSettings.h">
      <Filter>Header Files</Filter>
    </ClInclude>
    <ClInclude Include="src\Game\Game.h">
      <Filter>Header Files</Filter>
    </ClInclude>
    <ClInclude Include="src\Game\ResourceManager.h">
      <Filter>Header Files</Filter>
    </ClInclude>
    <ClInclude Include="src\Game\Utilities\WindowInfo.h">
      <Filter>Header Files</Filter>
    </ClInclude>
    <ClInclude Include="src\Game\Utilities\LuaGame.h">
      <Filter>Header Files</Filter>
    </ClInclude>
    <ClInclude Include="src\Game\PhysicsHandler.h">
      <Filter>Header Files</Filter>
    </ClInclude>
    <ClInclude Include="src\Game\Scenes\MenuScene.h">
      <Filter>Header Files</Filter>
    </ClInclude>
    <ClInclude Include="src\Game\Scenes\EditorScene.h">
      <Filter>Header Files</Filter>
    </ClInclude>
    <ClInclude Include="src\Game\Scenes\SceneTemplate.h">
      <Filter>Header Files</Filter>
    </ClInclude>
    <ClInclude Include="dep\imgui\rlImGui.h">
      <Filter>Header Files</Filter>
    </ClInclude>
    <ClInclude Include="dep\imgui\rlImGuiColors.h">
      <Filter>Header Files</Filter>
    </ClInclude>
    <ClInclude Include="dep\imgui\imgui_impl_raylib.h">
      <Filter>Header Files</Filter>
    </ClInclude>
    <ClInclude Include="dep\imgui\imconfig.h">
      <Filter>Header Files</Filter>
    </ClInclude>
    <ClInclude Include="dep\imgui\imgui.h">
      <Filter>Header Files</Filter>
    </ClInclude>
    <ClInclude Include="dep\imgui\imgui_internal.h">
      <Filter>Header Files</Filter>
    </ClInclude>
    <ClInclude Include="dep\imgui\imstb_rectpack.h">
      <Filter>Header Files</Filter>
    </ClInclude>
    <ClInclude Include="dep\imgui\imstb_textedit.h">
      <Filter>Header Files</Filter>
    </ClInclude>
    <ClInclude Include="dep\imgui\imstb_truetype.h">
      <Filter>Header Files</Filter>
    </ClInclude>
    <ClInclude Include="dep\imgui\extras\FA6FreeSolidFontData.h">
      <Filter>Header Files</Filter>
    </ClInclude>
    <ClInclude Include="dep\imgui\extras\IconsFontAwesome6.h">
      <Filter>Header Files</Filter>
    </ClInclude>
    <ClInclude Include="src\Game\Tools\DebugNew.h">
      <Filter>Header Files</Filter>
    </ClInclude>
    <ClInclude Include="src\Game\Utilities\ModLoader.h">
      <Filter>Header Files</Filter>
    </ClInclude>
    <ClInclude Include="src\Game\Utilities\GameMath.h">
      <Filter>Header Files</Filter>
    </ClInclude>
    <ClInclude Include="src\Game\Tools\ImLua.h">
      <Filter>Header Files</Filter>
    </ClInclude>
  </ItemGroup>
  <ItemGroup>
    <None Include="src\Lua\Transform3D.lua" />
    <None Include="src\Lua\Vector3D.lua" />
    <None Include="src\Lua\VectorDemo.lua" />
    <None Include="src\Lua\Vec2.lua" />
    <None Include="src\Lua\Transform2.lua" />
    <None Include="src\Lua\Tests\Math\Transform2Test.lua" />
    <None Include="src\Lua\Tests\Math\Vec2Test.lua" />
    <None Include="src\Lua\Components\Sprite.lua" />
    <None Include="src\Lua\Scenes\InitDevScene.lua" />
    <None Include="src\Lua\Color.lua" />
    <None Include="src\Lua\Components\Health.lua" />
    <None Include="src\Lua\Behaviours\Enemy.lua" />
    <None Include="src\Lua\PrintTable.lua" />
    <None Include="src\Lua\InputDemo.lua" />
    <None Include="src\Lua\Cmd.lua" />
    <None Include="src\Lua\Behaviours\Player.lua" />
    <None Include="src\Lua\Components\CameraData.lua" />
    <None Include="src\Lua\Behaviours\PlayerCamera.lua" />
    <None Include="src\Lua\Utility\GameMath.lua" />
    <None Include="src\Lua\Behaviours\Cursor.lua" />
    <None Include="src\Lua\Tests\InputTest.lua" />
    <None Include="src\Lua\Tests\Math\GameMathTest.lua" />
    <None Include="src\Lua\Behaviours\Projectile.lua" />
    <None Include="src\Lua\Components\HitboxCircle.lua" />
    <None Include="src\Lua\Components\Active.lua" />
    <None Include="src\Lua\Components\Tags.lua" />
    <None Include="src\Lua\Behaviours\Weapon.lua" />
    <None Include="src\Lua\Data\Ammo.lua" />
    <None Include="src\Lua\Data.lua" />
    <None Include="src\Lua\Data\Weapons.lua" />
    <None Include="src\Lua\Utility\PrintEntity.lua" />
    <None Include="src\Lua\Utility\InitData.lua" />
    <None Include="src\Lua\Utility\ImLua.lua" />
    <None Include="src\Lua\Behaviours\InputMovement.lua" />
    <None Include="src\Lua\Scenes\InitEditorLevelCreatorScene.lua" />
    <None Include="src\Lua\Scenes\InitEditorPrefabCreatorScene.lua" />
    <None Include="src\Lua\Scenes\InitEditorPresetCreatorScene.lua" />
    <None Include="src\Lua\Scenes\InitEditorSandboxScene.lua" />
    <None Include="src\Lua\Dev\WeaponEditorUI.lua" />
    <None Include="src\Lua\Utility\TableSave.lua" />
    <None Include="src\Lua\Utility\TableCopy.lua" />
    <None Include="src\Lua\Dev\Commands.lua" />
  </ItemGroup>
  <ItemGroup>
    <CopyFileToFolders Include="raylib.dll" />
  </ItemGroup>
</Project>