<?xml version="1.0" encoding="utf-8"?>
<Project ToolsVersion="4.0" xmlns="http://schemas.microsoft.com/developer/msbuild/2003">
  <ItemGroup>
    <Filter Include="Source Files">
      <UniqueIdentifier>{4FC737F1-C7A5-4376-A066-2A32D752A2FF}</UniqueIdentifier>
      <Extensions>cpp;c;cc;cxx;c++;cppm;ixx;def;odl;idl;hpj;bat;asm;asmx</Extensions>
    </Filter>
    <Filter Include="Header Files">
      <UniqueIdentifier>{93995380-89BD-4b04-88EB-625FBE52EBFB}</UniqueIdentifier>
      <Extensions>h;hh;hpp;hxx;h++;hm;inl;inc;ipp;xsd</Extensions>
    </Filter>
    <Filter Include="Resource Files">
      <UniqueIdentifier>{67DA6AB6-F800-4c08-8B7A-83BB121AAD01}</UniqueIdentifier>
      <Extensions>rc;ico;cur;bmp;dlg;rc2;rct;bin;rgs;gif;jpg;jpeg;jpe;resx;tiff;tif;png;wav;mfcribbon-ms</Extensions>
    </Filter>
  </ItemGroup>
  <ItemGroup>
    <ClCompile Include="main.cpp">
      <Filter>Source Files</Filter>
    </ClCompile>
    <ClCompile Include="stdafx.cpp">
      <Filter>Source Files</Filter>
    </ClCompile>
    <ClCompile Include="LuaConsole.cpp">
      <Filter>Source Files</Filter>
    </ClCompile>
    <ClCompile Include="LuaUtils.cpp">
      <Filter>Source Files</Filter>
    </ClCompile>
    <ClCompile Include="Game\main2D.cpp">
      <Filter>Source Files</Filter>
    </ClCompile>
    <ClCompile Include="Game\main3D.cpp">
      <Filter>Source Files</Filter>
    </ClCompile>
    <ClCompile Include="Game\Utilities\DungeonGenerator.cpp">
      <Filter>Source Files</Filter>
    </ClCompile>
    <ClCompile Include="Game\Utilities\Math.cpp">
      <Filter>Source Files</Filter>
    </ClCompile>
  </ItemGroup>
  <ItemGroup>
    <ClInclude Include="stdafx.h">
      <Filter>Header Files</Filter>
    </ClInclude>
    <ClInclude Include="EnTT\entt.hpp">
      <Filter>Header Files</Filter>
    </ClInclude>
    <ClInclude Include="LuaConsole.h">
      <Filter>Header Files</Filter>
    </ClInclude>
    <ClInclude Include="LuaUtils.h">
      <Filter>Header Files</Filter>
    </ClInclude>
    <ClInclude Include="Components.h">
      <Filter>Header Files</Filter>
    </ClInclude>
    <ClInclude Include="Components\RenderComponents.h">
      <Filter>Header Files</Filter>
    </ClInclude>
    <ClInclude Include="Components\TransformComponents.h">
      <Filter>Header Files</Filter>
    </ClInclude>
    <ClInclude Include="raylib-cpp\AudioDevice.hpp">
      <Filter>Header Files</Filter>
    </ClInclude>
    <ClInclude Include="raylib-cpp\AudioStream.hpp">
      <Filter>Header Files</Filter>
    </ClInclude>
    <ClInclude Include="raylib-cpp\AutomationEventList.hpp">
      <Filter>Header Files</Filter>
    </ClInclude>
    <ClInclude Include="raylib-cpp\BoundingBox.hpp">
      <Filter>Header Files</Filter>
    </ClInclude>
    <ClInclude Include="raylib-cpp\Camera2D.hpp">
      <Filter>Header Files</Filter>
    </ClInclude>
    <ClInclude Include="raylib-cpp\Camera3D.hpp">
      <Filter>Header Files</Filter>
    </ClInclude>
    <ClInclude Include="raylib-cpp\Color.hpp">
      <Filter>Header Files</Filter>
    </ClInclude>
    <ClInclude Include="raylib-cpp\FileData.hpp">
      <Filter>Header Files</Filter>
    </ClInclude>
    <ClInclude Include="raylib-cpp\FileText.hpp">
      <Filter>Header Files</Filter>
    </ClInclude>
    <ClInclude Include="raylib-cpp\Font.hpp">
      <Filter>Header Files</Filter>
    </ClInclude>
    <ClInclude Include="raylib-cpp\Functions.hpp">
      <Filter>Header Files</Filter>
    </ClInclude>
    <ClInclude Include="raylib-cpp\Gamepad.hpp">
      <Filter>Header Files</Filter>
    </ClInclude>
    <ClInclude Include="raylib-cpp\Image.hpp">
      <Filter>Header Files</Filter>
    </ClInclude>
    <ClInclude Include="raylib-cpp\Keyboard.hpp">
      <Filter>Header Files</Filter>
    </ClInclude>
    <ClInclude Include="raylib-cpp\Material.hpp">
      <Filter>Header Files</Filter>
    </ClInclude>
    <ClInclude Include="raylib-cpp\Matrix.hpp">
      <Filter>Header Files</Filter>
    </ClInclude>
    <ClInclude Include="raylib-cpp\Mesh.hpp">
      <Filter>Header Files</Filter>
    </ClInclude>
    <ClInclude Include="raylib-cpp\MeshUnmanaged.hpp">
      <Filter>Header Files</Filter>
    </ClInclude>
    <ClInclude Include="raylib-cpp\Model.hpp">
      <Filter>Header Files</Filter>
    </ClInclude>
    <ClInclude Include="raylib-cpp\ModelAnimation.hpp">
      <Filter>Header Files</Filter>
    </ClInclude>
    <ClInclude Include="raylib-cpp\Mouse.hpp">
      <Filter>Header Files</Filter>
    </ClInclude>
    <ClInclude Include="raylib-cpp\Music.hpp">
      <Filter>Header Files</Filter>
    </ClInclude>
    <ClInclude Include="raylib-cpp\Ray.hpp">
      <Filter>Header Files</Filter>
    </ClInclude>
    <ClInclude Include="raylib-cpp\RayCollision.hpp">
      <Filter>Header Files</Filter>
    </ClInclude>
    <ClInclude Include="raylib-cpp\raylib.hpp">
      <Filter>Header Files</Filter>
    </ClInclude>
    <ClInclude Include="raylib-cpp\raylib-cpp.hpp">
      <Filter>Header Files</Filter>
    </ClInclude>
    <ClInclude Include="raylib-cpp\raylib-cpp-utils.hpp">
      <Filter>Header Files</Filter>
    </ClInclude>
    <ClInclude Include="raylib-cpp\RaylibException.hpp">
      <Filter>Header Files</Filter>
    </ClInclude>
    <ClInclude Include="raylib-cpp\raymath.hpp">
      <Filter>Header Files</Filter>
    </ClInclude>
    <ClInclude Include="raylib-cpp\Rectangle.hpp">
      <Filter>Header Files</Filter>
    </ClInclude>
    <ClInclude Include="raylib-cpp\RenderTexture.hpp">
      <Filter>Header Files</Filter>
    </ClInclude>
    <ClInclude Include="raylib-cpp\Shader.hpp">
      <Filter>Header Files</Filter>
    </ClInclude>
    <ClInclude Include="raylib-cpp\ShaderUnmanaged.hpp">
      <Filter>Header Files</Filter>
    </ClInclude>
    <ClInclude Include="raylib-cpp\Sound.hpp">
      <Filter>Header Files</Filter>
    </ClInclude>
    <ClInclude Include="raylib-cpp\Text.hpp">
      <Filter>Header Files</Filter>
    </ClInclude>
    <ClInclude Include="raylib-cpp\Texture.hpp">
      <Filter>Header Files</Filter>
    </ClInclude>
    <ClInclude Include="raylib-cpp\TextureUnmanaged.hpp">
      <Filter>Header Files</Filter>
    </ClInclude>
    <ClInclude Include="raylib-cpp\Touch.hpp">
      <Filter>Header Files</Filter>
    </ClInclude>
    <ClInclude Include="raylib-cpp\Vector2.hpp">
      <Filter>Header Files</Filter>
    </ClInclude>
    <ClInclude Include="raylib-cpp\Vector3.hpp">
      <Filter>Header Files</Filter>
    </ClInclude>
    <ClInclude Include="raylib-cpp\Vector4.hpp">
      <Filter>Header Files</Filter>
    </ClInclude>
    <ClInclude Include="raylib-cpp\VrStereoConfig.hpp">
      <Filter>Header Files</Filter>
    </ClInclude>
    <ClInclude Include="raylib-cpp\Wave.hpp">
      <Filter>Header Files</Filter>
    </ClInclude>
    <ClInclude Include="raylib-cpp\Window.hpp">
      <Filter>Header Files</Filter>
    </ClInclude>
    <ClInclude Include="Game\main2D.h">
      <Filter>Header Files</Filter>
    </ClInclude>
    <ClInclude Include="Game\main3D.h">
      <Filter>Header Files</Filter>
    </ClInclude>
    <ClInclude Include="Game\Utilities\DungeonGenerator.h">
      <Filter>Header Files</Filter>
    </ClInclude>
    <ClInclude Include="Game\Utilities\Math.h">
      <Filter>Header Files</Filter>
    </ClInclude>
  </ItemGroup>
</Project>